
Microsoft Visual Studio Solution File, Format Version 12.00
# Visual Studio Version 17
VisualStudioVersion = 17.10.34916.146
MinimumVisualStudioVersion = 10.0.40219.1
Project("{FAE04EC0-301F-11D3-BF4B-00C04F79EFBC}") = "FuelManagerGraphQL", "FuelManagerGraphQL.csproj", "{6BE59FA0-A717-456F-97AB-53D2A284476C}"
EndProject
Global
	GlobalSection(SolutionConfigurationPlatforms) = preSolution
		Debug|Any CPU = Debug|Any CPU
		Release|Any CPU = Release|Any CPU
	EndGlobalSection
	GlobalSection(ProjectConfigurationPlatforms) = postSolution
		{6BE59FA0-A717-456F-97AB-53D2A284476C}.Debug|Any CPU.ActiveCfg = Debug|Any CPU
		{6BE59FA0-A717-456F-97AB-53D2A284476C}.Debug|Any CPU.Build.0 = Debug|Any CPU
		{6BE59FA0-A717-456F-97AB-53D2A284476C}.Release|Any CPU.ActiveCfg = Release|Any CPU
		{6BE59FA0-A717-456F-97AB-53D2A284476C}.Release|Any CPU.Build.0 = Release|Any CPU
	EndGlobalSection
	GlobalSection(SolutionProperties) = preSolution
		HideSolutionNode = FALSE
	EndGlobalSection
	GlobalSection(ExtensibilityGlobals) = postSolution
		SolutionGuid = {375D9702-7AD1-4B4B-B1E2-6B2E8FD7C3E9}
	EndGlobalSection
EndGlobal
